// !$*UTF8*$!
{
	archiveVersion = 1;
	classes = {
	};
	objectVersion = 46;
	objects = {

/* Begin PBXBuildFile section */
		EF32D0E818D0ADBC00D16CC9 /* Foundation.framework in Frameworks */ = {isa = PBXBuildFile; fileRef = EF32D0E718D0ADBC00D16CC9 /* Foundation.framework */; };
		EF32D0EA18D0ADBC00D16CC9 /* CoreGraphics.framework in Frameworks */ = {isa = PBXBuildFile; fileRef = EF32D0E918D0ADBC00D16CC9 /* CoreGraphics.framework */; };
		EF32D0EC18D0ADBC00D16CC9 /* UIKit.framework in Frameworks */ = {isa = PBXBuildFile; fileRef = EF32D0EB18D0ADBC00D16CC9 /* UIKit.framework */; };
		EF32D0F218D0ADBC00D16CC9 /* InfoPlist.strings in Resources */ = {isa = PBXBuildFile; fileRef = EF32D0F018D0ADBC00D16CC9 /* InfoPlist.strings */; };
		EF32D0F418D0ADBC00D16CC9 /* main.m in Sources */ = {isa = PBXBuildFile; fileRef = EF32D0F318D0ADBC00D16CC9 /* main.m */; };
		EF32D0F818D0ADBC00D16CC9 /* HFAppDelegate.m in Sources */ = {isa = PBXBuildFile; fileRef = EF32D0F718D0ADBC00D16CC9 /* HFAppDelegate.m */; };
		EF32D0FA18D0ADBC00D16CC9 /* Images.xcassets in Resources */ = {isa = PBXBuildFile; fileRef = EF32D0F918D0ADBC00D16CC9 /* Images.xcassets */; };
		EF32D10118D0ADBC00D16CC9 /* XCTest.framework in Frameworks */ = {isa = PBXBuildFile; fileRef = EF32D10018D0ADBC00D16CC9 /* XCTest.framework */; };
		EF32D10218D0ADBC00D16CC9 /* Foundation.framework in Frameworks */ = {isa = PBXBuildFile; fileRef = EF32D0E718D0ADBC00D16CC9 /* Foundation.framework */; };
		EF32D10318D0ADBC00D16CC9 /* UIKit.framework in Frameworks */ = {isa = PBXBuildFile; fileRef = EF32D0EB18D0ADBC00D16CC9 /* UIKit.framework */; };
		EF32D10B18D0ADBC00D16CC9 /* InfoPlist.strings in Resources */ = {isa = PBXBuildFile; fileRef = EF32D10918D0ADBC00D16CC9 /* InfoPlist.strings */; };
		EF32D10D18D0ADBC00D16CC9 /* FYPTests.m in Sources */ = {isa = PBXBuildFile; fileRef = EF32D10C18D0ADBC00D16CC9 /* FYPTests.m */; };
/* End PBXBuildFile section */

/* Begin PBXContainerItemProxy section */
		EF32D10418D0ADBC00D16CC9 /* PBXContainerItemProxy */ = {
			isa = PBXContainerItemProxy;
			containerPortal = EF32D0DC18D0ADBC00D16CC9 /* Project object */;
			proxyType = 1;
			remoteGlobalIDString = EF32D0E318D0ADBC00D16CC9;
			remoteInfo = FYP;
		};
/* End PBXContainerItemProxy section */

/* Begin PBXFileReference section */
		EF32D0E418D0ADBC00D16CC9 /* FYP.app */ = {isa = PBXFileReference; explicitFileType = wrapper.application; includeInIndex = 0; path = FYP.app; sourceTree = BUILT_PRODUCTS_DIR; };
		EF32D0E718D0ADBC00D16CC9 /* Foundation.framework */ = {isa = PBXFileReference; lastKnownFileType = wrapper.framework; name = Foundation.framework; path = System/Library/Frameworks/Foundation.framework; sourceTree = SDKROOT; };
		EF32D0E918D0ADBC00D16CC9 /* CoreGraphics.framework */ = {isa = PBXFileReference; lastKnownFileType = wrapper.framework; name = CoreGraphics.framework; path = System/Library/Frameworks/CoreGraphics.framework; sourceTree = SDKROOT; };
		EF32D0EB18D0ADBC00D16CC9 /* UIKit.framework */ = {isa = PBXFileReference; lastKnownFileType = wrapper.framework; name = UIKit.framework; path = System/Library/Frameworks/UIKit.framework; sourceTree = SDKROOT; };
		EF32D0EF18D0ADBC00D16CC9 /* FYP-Info.plist */ = {isa = PBXFileReference; lastKnownFileType = text.plist.xml; path = "FYP-Info.plist"; sourceTree = "<group>"; };
		EF32D0F118D0ADBC00D16CC9 /* en */ = {isa = PBXFileReference; lastKnownFileType = text.plist.strings; name = en; path = en.lproj/InfoPlist.strings; sourceTree = "<group>"; };
		EF32D0F318D0ADBC00D16CC9 /* main.m */ = {isa = PBXFileReference; lastKnownFileType = sourcecode.c.objc; path = main.m; sourceTree = "<group>"; };
		EF32D0F518D0ADBC00D16CC9 /* FYP-Prefix.pch */ = {isa = PBXFileReference; lastKnownFileType = sourcecode.c.h; path = "FYP-Prefix.pch"; sourceTree = "<group>"; };
		EF32D0F618D0ADBC00D16CC9 /* HFAppDelegate.h */ = {isa = PBXFileReference; lastKnownFileType = sourcecode.c.h; path = HFAppDelegate.h; sourceTree = "<group>"; };
		EF32D0F718D0ADBC00D16CC9 /* HFAppDelegate.m */ = {isa = PBXFileReference; lastKnownFileType = sourcecode.c.objc; path = HFAppDelegate.m; sourceTree = "<group>"; };
		EF32D0F918D0ADBC00D16CC9 /* Images.xcassets */ = {isa = PBXFileReference; lastKnownFileType = folder.assetcatalog; path = Images.xcassets; sourceTree = "<group>"; };
		EF32D0FF18D0ADBC00D16CC9 /* FYPTests.xctest */ = {isa = PBXFileReference; explicitFileType = wrapper.cfbundle; includeInIndex = 0; path = FYPTests.xctest; sourceTree = BUILT_PRODUCTS_DIR; };
		EF32D10018D0ADBC00D16CC9 /* XCTest.framework */ = {isa = PBXFileReference; lastKnownFileType = wrapper.framework; name = XCTest.framework; path = Library/Frameworks/XCTest.framework; sourceTree = DEVELOPER_DIR; };
		EF32D10818D0ADBC00D16CC9 /* FYPTests-Info.plist */ = {isa = PBXFileReference; lastKnownFileType = text.plist.xml; path = "FYPTests-Info.plist"; sourceTree = "<group>"; };
		EF32D10A18D0ADBC00D16CC9 /* en */ = {isa = PBXFileReference; lastKnownFileType = text.plist.strings; name = en; path = en.lproj/InfoPlist.strings; sourceTree = "<group>"; };
		EF32D10C18D0ADBC00D16CC9 /* FYPTests.m */ = {isa = PBXFileReference; lastKnownFileType = sourcecode.c.objc; path = FYPTests.m; sourceTree = "<group>"; };
/* End PBXFileReference section */

/* Begin PBXFrameworksBuildPhase section */
		EF32D0E118D0ADBC00D16CC9 /* Frameworks */ = {
			isa = PBXFrameworksBuildPhase;
			buildActionMask = 2147483647;
			files = (
				EF32D0EA18D0ADBC00D16CC9 /* CoreGraphics.framework in Frameworks */,
				EF32D0EC18D0ADBC00D16CC9 /* UIKit.framework in Frameworks */,
				EF32D0E818D0ADBC00D16CC9 /* Foundation.framework in Frameworks */,
			);
			runOnlyForDeploymentPostprocessing = 0;
		};
		EF32D0FC18D0ADBC00D16CC9 /* Frameworks */ = {
			isa = PBXFrameworksBuildPhase;
			buildActionMask = 2147483647;
			files = (
				EF32D10118D0ADBC00D16CC9 /* XCTest.framework in Frameworks */,
				EF32D10318D0ADBC00D16CC9 /* UIKit.framework in Frameworks */,
				EF32D10218D0ADBC00D16CC9 /* Foundation.framework in Frameworks */,
			);
			runOnlyForDeploymentPostprocessing = 0;
		};
/* End PBXFrameworksBuildPhase section */

/* Begin PBXGroup section */
		EF32D0DB18D0ADBC00D16CC9 = {
			isa = PBXGroup;
			children = (
				EF32D0ED18D0ADBC00D16CC9 /* FYP */,
				EF32D10618D0ADBC00D16CC9 /* FYPTests */,
				EF32D0E618D0ADBC00D16CC9 /* Frameworks */,
				EF32D0E518D0ADBC00D16CC9 /* Products */,
			);
			sourceTree = "<group>";
		};
		EF32D0E518D0ADBC00D16CC9 /* Products */ = {
			isa = PBXGroup;
			children = (
				EF32D0E418D0ADBC00D16CC9 /* FYP.app */,
				EF32D0FF18D0ADBC00D16CC9 /* FYPTests.xctest */,
			);
			name = Products;
			sourceTree = "<group>";
		};
		EF32D0E618D0ADBC00D16CC9 /* Frameworks */ = {
			isa = PBXGroup;
			children = (
				EF32D0E718D0ADBC00D16CC9 /* Foundation.framework */,
				EF32D0E918D0ADBC00D16CC9 /* CoreGraphics.framework */,
				EF32D0EB18D0ADBC00D16CC9 /* UIKit.framework */,
				EF32D10018D0ADBC00D16CC9 /* XCTest.framework */,
			);
			name = Frameworks;
			sourceTree = "<group>";
		};
		EF32D0ED18D0ADBC00D16CC9 /* FYP */ = {
			isa = PBXGroup;
			children = (
				EF32D0F618D0ADBC00D16CC9 /* HFAppDelegate.h */,
				EF32D0F718D0ADBC00D16CC9 /* HFAppDelegate.m */,
				EF32D0F918D0ADBC00D16CC9 /* Images.xcassets */,
				EF32D0EE18D0ADBC00D16CC9 /* Supporting Files */,
			);
			path = FYP;
			sourceTree = "<group>";
		};
		EF32D0EE18D0ADBC00D16CC9 /* Supporting Files */ = {
			isa = PBXGroup;
			children = (
				EF32D0EF18D0ADBC00D16CC9 /* FYP-Info.plist */,
				EF32D0F018D0ADBC00D16CC9 /* InfoPlist.strings */,
				EF32D0F318D0ADBC00D16CC9 /* main.m */,
				EF32D0F518D0ADBC00D16CC9 /* FYP-Prefix.pch */,
			);
			name = "Supporting Files";
			sourceTree = "<group>";
		};
		EF32D10618D0ADBC00D16CC9 /* FYPTests */ = {
			isa = PBXGroup;
			children = (
				EF32D10C18D0ADBC00D16CC9 /* FYPTests.m */,
				EF32D10718D0ADBC00D16CC9 /* Supporting Files */,
			);
			path = FYPTests;
			sourceTree = "<group>";
		};
		EF32D10718D0ADBC00D16CC9 /* Supporting Files */ = {
			isa = PBXGroup;
			children = (
				EF32D10818D0ADBC00D16CC9 /* FYPTests-Info.plist */,
				EF32D10918D0ADBC00D16CC9 /* InfoPlist.strings */,
			);
			name = "Supporting Files";
			sourceTree = "<group>";
		};
/* End PBXGroup section */

/* Begin PBXNativeTarget section */
		EF32D0E318D0ADBC00D16CC9 /* FYP */ = {
			isa = PBXNativeTarget;
			buildConfigurationList = EF32D11018D0ADBC00D16CC9 /* Build configuration list for PBXNativeTarget "FYP" */;
			buildPhases = (
				EF32D0E018D0ADBC00D16CC9 /* Sources */,
				EF32D0E118D0ADBC00D16CC9 /* Frameworks */,
				EF32D0E218D0ADBC00D16CC9 /* Resources */,
			);
			buildRules = (
			);
			dependencies = (
			);
			name = FYP;
			productName = FYP;
			productReference = EF32D0E418D0ADBC00D16CC9 /* FYP.app */;
			productType = "com.apple.product-type.application";
		};
		EF32D0FE18D0ADBC00D16CC9 /* FYPTests */ = {
			isa = PBXNativeTarget;
			buildConfigurationList = EF32D11318D0ADBC00D16CC9 /* Build configuration list for PBXNativeTarget "FYPTests" */;
			buildPhases = (
				EF32D0FB18D0ADBC00D16CC9 /* Sources */,
				EF32D0FC18D0ADBC00D16CC9 /* Frameworks */,
				EF32D0FD18D0ADBC00D16CC9 /* Resources */,
			);
			buildRules = (
			);
			dependencies = (
				EF32D10518D0ADBC00D16CC9 /* PBXTargetDependency */,
			);
			name = FYPTests;
			productName = FYPTests;
			productReference = EF32D0FF18D0ADBC00D16CC9 /* FYPTests.xctest */;
			productType = "com.apple.product-type.bundle.unit-test";
		};
/* End PBXNativeTarget section */

/* Begin PBXProject section */
		EF32D0DC18D0ADBC00D16CC9 /* Project object */ = {
			isa = PBXProject;
			attributes = {
				CLASSPREFIX = HF;
				LastUpgradeCheck = 0500;
				ORGANIZATIONNAME = "Wicky Lim";
				TargetAttributes = {
					EF32D0FE18D0ADBC00D16CC9 = {
						TestTargetID = EF32D0E318D0ADBC00D16CC9;
					};
				};
			};
			buildConfigurationList = EF32D0DF18D0ADBC00D16CC9 /* Build configuration list for PBXProject "FYP" */;
			compatibilityVersion = "Xcode 3.2";
			developmentRegion = English;
			hasScannedForEncodings = 0;
			knownRegions = (
				en,
			);
			mainGroup = EF32D0DB18D0ADBC00D16CC9;
			productRefGroup = EF32D0E518D0ADBC00D16CC9 /* Products */;
			projectDirPath = "";
			projectRoot = "";
			targets = (
				EF32D0E318D0ADBC00D16CC9 /* FYP */,
				EF32D0FE18D0ADBC00D16CC9 /* FYPTests */,
			);
		};
/* End PBXProject section */

/* Begin PBXResourcesBuildPhase section */
		EF32D0E218D0ADBC00D16CC9 /* Resources */ = {
			isa = PBXResourcesBuildPhase;
			buildActionMask = 2147483647;
			files = (
				EF32D0F218D0ADBC00D16CC9 /* InfoPlist.strings in Resources */,
				EF32D0FA18D0ADBC00D16CC9 /* Images.xcassets in Resources */,
			);
			runOnlyForDeploymentPostprocessing = 0;
		};
		EF32D0FD18D0ADBC00D16CC9 /* Resources */ = {
			isa = PBXResourcesBuildPhase;
			buildActionMask = 2147483647;
			files = (
				EF32D10B18D0ADBC00D16CC9 /* InfoPlist.strings in Resources */,
			);
			runOnlyForDeploymentPostprocessing = 0;
		};
/* End PBXResourcesBuildPhase section */

/* Begin PBXSourcesBuildPhase section */
		EF32D0E018D0ADBC00D16CC9 /* Sources */ = {
			isa = PBXSourcesBuildPhase;
			buildActionMask = 2147483647;
			files = (
				EF32D0F818D0ADBC00D16CC9 /* HFAppDelegate.m in Sources */,
				EF32D0F418D0ADBC00D16CC9 /* main.m in Sources */,
			);
			runOnlyForDeploymentPostprocessing = 0;
		};
		EF32D0FB18D0ADBC00D16CC9 /* Sources */ = {
			isa = PBXSourcesBuildPhase;
			buildActionMask = 2147483647;
			files = (
				EF32D10D18D0ADBC00D16CC9 /* FYPTests.m in Sources */,
			);
			runOnlyForDeploymentPostprocessing = 0;
		};
/* End PBXSourcesBuildPhase section */

/* Begin PBXTargetDependency section */
		EF32D10518D0ADBC00D16CC9 /* PBXTargetDependency */ = {
			isa = PBXTargetDependency;
			target = EF32D0E318D0ADBC00D16CC9 /* FYP */;
			targetProxy = EF32D10418D0ADBC00D16CC9 /* PBXContainerItemProxy */;
		};
/* End PBXTargetDependency section */

/* Begin PBXVariantGroup section */
		EF32D0F018D0ADBC00D16CC9 /* InfoPlist.strings */ = {
			isa = PBXVariantGroup;
			children = (
				EF32D0F118D0ADBC00D16CC9 /* en */,
			);
			name = InfoPlist.strings;
			sourceTree = "<group>";
		};
		EF32D10918D0ADBC00D16CC9 /* InfoPlist.strings */ = {
			isa = PBXVariantGroup;
			children = (
				EF32D10A18D0ADBC00D16CC9 /* en */,
			);
			name = InfoPlist.strings;
			sourceTree = "<group>";
		};
/* End PBXVariantGroup section */

/* Begin XCBuildConfiguration section */
		EF32D10E18D0ADBC00D16CC9 /* Debug */ = {
			isa = XCBuildConfiguration;
			buildSettings = {
				ALWAYS_SEARCH_USER_PATHS = NO;
				ARCHS = "$(ARCHS_STANDARD_INCLUDING_64_BIT)";
				CLANG_CXX_LANGUAGE_STANDARD = "gnu++0x";
				CLANG_CXX_LIBRARY = "libc++";
				CLANG_ENABLE_MODULES = YES;
				CLANG_ENABLE_OBJC_ARC = YES;
				CLANG_WARN_BOOL_CONVERSION = YES;
				CLANG_WARN_CONSTANT_CONVERSION = YES;
				CLANG_WARN_DIRECT_OBJC_ISA_USAGE = YES_ERROR;
				CLANG_WARN_EMPTY_BODY = YES;
				CLANG_WARN_ENUM_CONVERSION = YES;
				CLANG_WARN_INT_CONVERSION = YES;
				CLANG_WARN_OBJC_ROOT_CLASS = YES_ERROR;
				CLANG_WARN__DUPLICATE_METHOD_MATCH = YES;
				"CODE_SIGN_IDENTITY[sdk=iphoneos*]" = "iPhone Developer";
				COPY_PHASE_STRIP = NO;
				GCC_C_LANGUAGE_STANDARD = gnu99;
				GCC_DYNAMIC_NO_PIC = NO;
				GCC_OPTIMIZATION_LEVEL = 0;
				GCC_PREPROCESSOR_DEFINITIONS = (
					"DEBUG=1",
					"$(inherited)",
				);
				GCC_SYMBOLS_PRIVATE_EXTERN = NO;
				GCC_WARN_64_TO_32_BIT_CONVERSION = YES;
				GCC_WARN_ABOUT_RETURN_TYPE = YES_ERROR;
				GCC_WARN_UNDECLARED_SELECTOR = YES;
				GCC_WARN_UNINITIALIZED_AUTOS = YES;
				GCC_WARN_UNUSED_FUNCTION = YES;
				GCC_WARN_UNUSED_VARIABLE = YES;
				IPHONEOS_DEPLOYMENT_TARGET = 7.0;
				ONLY_ACTIVE_ARCH = YES;
				SDKROOT = iphoneos;
			};
			name = Debug;
		};
		EF32D10F18D0ADBC00D16CC9 /* Release */ = {
			isa = XCBuildConfiguration;
			buildSettings = {
				ALWAYS_SEARCH_USER_PATHS = NO;
				ARCHS = "$(ARCHS_STANDARD_INCLUDING_64_BIT)";
				CLANG_CXX_LANGUAGE_STANDARD = "gnu++0x";
				CLANG_CXX_LIBRARY = "libc++";
				CLANG_ENABLE_MODULES = YES;
				CLANG_ENABLE_OBJC_ARC = YES;
				CLANG_WARN_BOOL_CONVERSION = YES;
				CLANG_WARN_CONSTANT_CONVERSION = YES;
				CLANG_WARN_DIRECT_OBJC_ISA_USAGE = YES_ERROR;
				CLANG_WARN_EMPTY_BODY = YES;
				CLANG_WARN_ENUM_CONVERSION = YES;
				CLANG_WARN_INT_CONVERSION = YES;
				CLANG_WARN_OBJC_ROOT_CLASS = YES_ERROR;
				CLANG_WARN__DUPLICATE_METHOD_MATCH = YES;
				"CODE_SIGN_IDENTITY[sdk=iphoneos*]" = "iPhone Developer";
				COPY_PHASE_STRIP = YES;
				ENABLE_NS_ASSERTIONS = NO;
				GCC_C_LANGUAGE_STANDARD = gnu99;
				GCC_WARN_64_TO_32_BIT_CONVERSION = YES;
				GCC_WARN_ABOUT_RETURN_TYPE = YES_ERROR;
				GCC_WARN_UNDECLARED_SELECTOR = YES;
				GCC_WARN_UNINITIALIZED_AUTOS = YES;
				GCC_WARN_UNUSED_FUNCTION = YES;
				GCC_WARN_UNUSED_VARIABLE = YES;
				IPHONEOS_DEPLOYMENT_TARGET = 7.0;
				SDKROOT = iphoneos;
				VALIDATE_PRODUCT = YES;
			};
			name = Release;
		};
		EF32D11118D0ADBC00D16CC9 /* Debug */ = {
			isa = XCBuildConfiguration;
			buildSettings = {
				ASSETCATALOG_COMPILER_APPICON_NAME = AppIcon;
				ASSETCATALOG_COMPILER_LAUNCHIMAGE_NAME = LaunchImage;
				GCC_PRECOMPILE_PREFIX_HEADER = YES;
				GCC_PREFIX_HEADER = "FYP/FYP-Prefix.pch";
				INFOPLIST_FILE = "FYP/FYP-Info.plist";
				PRODUCT_NAME = "$(TARGET_NAME)";
				WRAPPER_EXTENSION = app;
			};
			name = Debug;
		};
		EF32D11218D0ADBC00D16CC9 /* Release */ = {
			isa = XCBuildConfiguration;
			buildSettings = {
				ASSETCATALOG_COMPILER_APPICON_NAME = AppIcon;
				ASSETCATALOG_COMPILER_LAUNCHIMAGE_NAME = LaunchImage;
				GCC_PRECOMPILE_PREFIX_HEADER = YES;
				GCC_PREFIX_HEADER = "FYP/FYP-Prefix.pch";
				INFOPLIST_FILE = "FYP/FYP-Info.plist";
				PRODUCT_NAME = "$(TARGET_NAME)";
				WRAPPER_EXTENSION = app;
			};
			name = Release;
		};
		EF32D11418D0ADBC00D16CC9 /* Debug */ = {
			isa = XCBuildConfiguration;
			buildSettings = {
				ARCHS = "$(ARCHS_STANDARD_INCLUDING_64_BIT)";
				BUNDLE_LOADER = "$(BUILT_PRODUCTS_DIR)/FYP.app/FYP";
				FRAMEWORK_SEARCH_PATHS = (
					"$(SDKROOT)/Developer/Library/Frameworks",
					"$(inherited)",
					"$(DEVELOPER_FRAMEWORKS_DIR)",
				);
				GCC_PRECOMPILE_PREFIX_HEADER = YES;
				GCC_PREFIX_HEADER = "FYP/FYP-Prefix.pch";
				GCC_PREPROCESSOR_DEFINITIONS = (
					"DEBUG=1",
					"$(inherited)",
				);
				INFOPLIST_FILE = "FYPTests/FYPTests-Info.plist";
				PRODUCT_NAME = "$(TARGET_NAME)";
				TEST_HOST = "$(BUNDLE_LOADER)";
				WRAPPER_EXTENSION = xctest;
			};
			name = Debug;
		};
		EF32D11518D0ADBC00D16CC9 /* Release */ = {
			isa = XCBuildConfiguration;
			buildSettings = {
				ARCHS = "$(ARCHS_STANDARD_INCLUDING_64_BIT)";
				BUNDLE_LOADER = "$(BUILT_PRODUCTS_DIR)/FYP.app/FYP";
				FRAMEWORK_SEARCH_PATHS = (
					"$(SDKROOT)/Developer/Library/Frameworks",
					"$(inherited)",
					"$(DEVELOPER_FRAMEWORKS_DIR)",
				);
				GCC_PRECOMPILE_PREFIX_HEADER = YES;
				GCC_PREFIX_HEADER = "FYP/FYP-Prefix.pch";
				INFOPLIST_FILE = "FYPTests/FYPTests-Info.plist";
				PRODUCT_NAME = "$(TARGET_NAME)";
				TEST_HOST = "$(BUNDLE_LOADER)";
				WRAPPER_EXTENSION = xctest;
			};
			name = Release;
		};
/* End XCBuildConfiguration section */

/* Begin XCConfigurationList section */
		EF32D0DF18D0ADBC00D16CC9 /* Build configuration list for PBXProject "FYP" */ = {
			isa = XCConfigurationList;
			buildConfigurations = (
				EF32D10E18D0ADBC00D16CC9 /* Debug */,
				EF32D10F18D0ADBC00D16CC9 /* Release */,
			);
			defaultConfigurationIsVisible = 0;
			defaultConfigurationName = Release;
		};
		EF32D11018D0ADBC00D16CC9 /* Build configuration list for PBXNativeTarget "FYP" */ = {
			isa = XCConfigurationList;
			buildConfigurations = (
				EF32D11118D0ADBC00D16CC9 /* Debug */,
				EF32D11218D0ADBC00D16CC9 /* Release */,
			);
			defaultConfigurationIsVisible = 0;
		};
		EF32D11318D0ADBC00D16CC9 /* Build configuration list for PBXNativeTarget "FYPTests" */ = {
			isa = XCConfigurationList;
			buildConfigurations = (
				EF32D11418D0ADBC00D16CC9 /* Debug */,
				EF32D11518D0ADBC00D16CC9 /* Release */,
			);
			defaultConfigurationIsVisible = 0;
		};
/* End XCConfigurationList section */
	};
	rootObject = EF32D0DC18D0ADBC00D16CC9 /* Project object */;
}
